
Microsoft Visual Studio Solution File, Format Version 12.00
# Visual Studio Version 16
VisualStudioVersion = 16.0.30717.126
MinimumVisualStudioVersion = 10.0.40219.1
Project("{FAE04EC0-301F-11D3-BF4B-00C04F79EFBC}") = "WowVoiceProxyKiller", "WowVoiceProxyKiller\WowVoiceProxyKiller.csproj", "{C2659376-151A-4C19-8C65-670100AAEDC3}"
EndProject
Global
	GlobalSection(SolutionConfigurationPlatforms) = preSolution
		Debug|Any CPU = Debug|Any CPU
		Release|Any CPU = Release|Any CPU
	EndGlobalSection
	GlobalSection(ProjectConfigurationPlatforms) = postSolution
		{C2659376-151A-4C19-8C65-670100AAEDC3}.Debug|Any CPU.ActiveCfg = Debug|Any CPU
		{C2659376-151A-4C19-8C65-670100AAEDC3}.Debug|Any CPU.Build.0 = Debug|Any CPU
		{C2659376-151A-4C19-8C65-670100AAEDC3}.Release|Any CPU.ActiveCfg = Release|Any CPU
		{C2659376-151A-4C19-8C65-670100AAEDC3}.Release|Any CPU.Build.0 = Release|Any CPU
	EndGlobalSection
	GlobalSection(SolutionProperties) = preSolution
		HideSolutionNode = FALSE
	EndGlobalSection
	GlobalSection(ExtensibilityGlobals) = postSolution
		SolutionGuid = {E559BBB9-D8BB-4FC2-BFD3-06EAF781FDD0}
	EndGlobalSection
EndGlobal
